// !$*UTF8*$!
{
	archiveVersion = 1;
	classes = {
	};
	objectVersion = 46;
	objects = {

/* Begin PBXBuildFile section */
		7E592926145E2E9F00B8A6F0 /* main.cpp in Sources */ = {isa = PBXBuildFile; fileRef = 7E592925145E2E9F00B8A6F0 /* main.cpp */; };
		7EE007B91461321100D6D6EE /* Benchmark.cpp in Sources */ = {isa = PBXBuildFile; fileRef = 7EE007B81461321100D6D6EE /* Benchmark.cpp */; };
/* End PBXBuildFile section */

/* Begin PBXCopyFilesBuildPhase section */
		7E59291F145E2E9F00B8A6F0 /* CopyFiles */ = {
			isa = PBXCopyFilesBuildPhase;
			buildActionMask = 12;
			dstPath = "";
			dstSubfolderSpec = 6;
			files = (
			);
			runOnlyForDeploymentPostprocessing = 0;
		};
/* End PBXCopyFilesBuildPhase section */

/* Begin PBXFileReference section */
		7E592921145E2E9F00B8A6F0 /* DictionarySort */ = {isa = PBXFileReference; explicitFileType = "compiled.mach-o.executable"; includeInIndex = 0; path = DictionarySort; sourceTree = BUILT_PRODUCTS_DIR; };
		7E592925145E2E9F00B8A6F0 /* main.cpp */ = {isa = PBXFileReference; lastKnownFileType = sourcecode.cpp.cpp; path = main.cpp; sourceTree = "<group>"; };
		7EE007B51460CF5700D6D6EE /* ParallelMergeSort.h */ = {isa = PBXFileReference; fileEncoding = 4; lastKnownFileType = sourcecode.c.h; path = ParallelMergeSort.h; sourceTree = "<group>"; };
		7EE007B61460EAC800D6D6EE /* DictionarySort.h */ = {isa = PBXFileReference; fileEncoding = 4; lastKnownFileType = sourcecode.c.h; path = DictionarySort.h; sourceTree = "<group>"; };
		7EE007B71461320800D6D6EE /* Benchmark.h */ = {isa = PBXFileReference; fileEncoding = 4; lastKnownFileType = sourcecode.c.h; path = Benchmark.h; sourceTree = "<group>"; };
		7EE007B81461321100D6D6EE /* Benchmark.cpp */ = {isa = PBXFileReference; fileEncoding = 4; lastKnownFileType = sourcecode.cpp.cpp; path = Benchmark.cpp; sourceTree = "<group>"; };
		7EE007BA1461F3DC00D6D6EE /* README.md */ = {isa = PBXFileReference; fileEncoding = 4; lastKnownFileType = text; path = README.md; sourceTree = "<group>"; };
/* End PBXFileReference section */

/* Begin PBXFrameworksBuildPhase section */
		7E59291E145E2E9F00B8A6F0 /* Frameworks */ = {
			isa = PBXFrameworksBuildPhase;
			buildActionMask = 2147483647;
			files = (
			);
			runOnlyForDeploymentPostprocessing = 0;
		};
/* End PBXFrameworksBuildPhase section */

/* Begin PBXGroup section */
		7E592916145E2E9E00B8A6F0 = {
			isa = PBXGroup;
			children = (
				7EE007BA1461F3DC00D6D6EE /* README.md */,
				7E592924145E2E9F00B8A6F0 /* DictionarySort */,
				7E592922145E2E9F00B8A6F0 /* Products */,
			);
			sourceTree = "<group>";
		};
		7E592922145E2E9F00B8A6F0 /* Products */ = {
			isa = PBXGroup;
			children = (
				7E592921145E2E9F00B8A6F0 /* DictionarySort */,
			);
			name = Products;
			sourceTree = "<group>";
		};
		7E592924145E2E9F00B8A6F0 /* DictionarySort */ = {
			isa = PBXGroup;
			children = (
				7EE007B71461320800D6D6EE /* Benchmark.h */,
				7EE007B81461321100D6D6EE /* Benchmark.cpp */,
				7EE007B51460CF5700D6D6EE /* ParallelMergeSort.h */,
				7EE007B61460EAC800D6D6EE /* DictionarySort.h */,
				7E592925145E2E9F00B8A6F0 /* main.cpp */,
			);
			path = DictionarySort;
			sourceTree = "<group>";
		};
/* End PBXGroup section */

/* Begin PBXNativeTarget section */
		7E592920145E2E9F00B8A6F0 /* DictionarySort */ = {
			isa = PBXNativeTarget;
			buildConfigurationList = 7E59292B145E2E9F00B8A6F0 /* Build configuration list for PBXNativeTarget "DictionarySort" */;
			buildPhases = (
				7E59291D145E2E9F00B8A6F0 /* Sources */,
				7E59291E145E2E9F00B8A6F0 /* Frameworks */,
				7E59291F145E2E9F00B8A6F0 /* CopyFiles */,
			);
			buildRules = (
			);
			dependencies = (
			);
			name = DictionarySort;
			productName = DictionarySort;
			productReference = 7E592921145E2E9F00B8A6F0 /* DictionarySort */;
			productType = "com.apple.product-type.tool";
		};
/* End PBXNativeTarget section */

/* Begin PBXProject section */
		7E592918145E2E9E00B8A6F0 /* Project object */ = {
			isa = PBXProject;
			attributes = {
				LastUpgradeCheck = 0420;
				ORGANIZATIONNAME = "Orion Transfer Ltd";
			};
			buildConfigurationList = 7E59291B145E2E9E00B8A6F0 /* Build configuration list for PBXProject "DictionarySort" */;
			compatibilityVersion = "Xcode 3.2";
			developmentRegion = English;
			hasScannedForEncodings = 0;
			knownRegions = (
				en,
			);
			mainGroup = 7E592916145E2E9E00B8A6F0;
			productRefGroup = 7E592922145E2E9F00B8A6F0 /* Products */;
			projectDirPath = "";
			projectRoot = "";
			targets = (
				7E592920145E2E9F00B8A6F0 /* DictionarySort */,
			);
		};
/* End PBXProject section */

/* Begin PBXSourcesBuildPhase section */
		7E59291D145E2E9F00B8A6F0 /* Sources */ = {
			isa = PBXSourcesBuildPhase;
			buildActionMask = 2147483647;
			files = (
				7E592926145E2E9F00B8A6F0 /* main.cpp in Sources */,
				7EE007B91461321100D6D6EE /* Benchmark.cpp in Sources */,
			);
			runOnlyForDeploymentPostprocessing = 0;
		};
/* End PBXSourcesBuildPhase section */

/* Begin XCBuildConfiguration section */
		7E592929145E2E9F00B8A6F0 /* Debug */ = {
			isa = XCBuildConfiguration;
			buildSettings = {
				ALWAYS_SEARCH_USER_PATHS = NO;
				ARCHS = "$(ARCHS_STANDARD_64_BIT)";
				CLANG_ENABLE_OBJC_ARC = YES;
				COPY_PHASE_STRIP = NO;
				GCC_C_LANGUAGE_STANDARD = gnu99;
				GCC_DYNAMIC_NO_PIC = NO;
				GCC_ENABLE_OBJC_EXCEPTIONS = YES;
				GCC_OPTIMIZATION_LEVEL = 0;
				GCC_PREPROCESSOR_DEFINITIONS = (
					"DEBUG=1",
					"$(inherited)",
				);
				GCC_SYMBOLS_PRIVATE_EXTERN = NO;
				GCC_VERSION = com.apple.compilers.llvm.clang.1_0;
				GCC_WARN_64_TO_32_BIT_CONVERSION = YES;
				GCC_WARN_ABOUT_MISSING_PROTOTYPES = YES;
				GCC_WARN_ABOUT_RETURN_TYPE = YES;
				GCC_WARN_UNUSED_VARIABLE = YES;
				MACOSX_DEPLOYMENT_TARGET = 10.7;
				ONLY_ACTIVE_ARCH = YES;
				SDKROOT = macosx;
			};
			name = Debug;
		};
		7E59292A145E2E9F00B8A6F0 /* Release */ = {
			isa = XCBuildConfiguration;
			buildSettings = {
				ALWAYS_SEARCH_USER_PATHS = NO;
				ARCHS = "$(ARCHS_STANDARD_64_BIT)";
				CLANG_ENABLE_OBJC_ARC = YES;
				COPY_PHASE_STRIP = YES;
				DEBUG_INFORMATION_FORMAT = "dwarf-with-dsym";
				GCC_C_LANGUAGE_STANDARD = gnu99;
				GCC_ENABLE_OBJC_EXCEPTIONS = YES;
				GCC_OPTIMIZATION_LEVEL = 3;
				GCC_VERSION = com.apple.compilers.llvm.clang.1_0;
				GCC_WARN_64_TO_32_BIT_CONVERSION = YES;
				GCC_WARN_ABOUT_MISSING_PROTOTYPES = YES;
				GCC_WARN_ABOUT_RETURN_TYPE = YES;
				GCC_WARN_UNUSED_VARIABLE = YES;
				MACOSX_DEPLOYMENT_TARGET = 10.7;
				SDKROOT = macosx;
			};
			name = Release;
		};
		7E59292C145E2E9F00B8A6F0 /* Debug */ = {
			isa = XCBuildConfiguration;
			buildSettings = {
				CLANG_CXX_LANGUAGE_STANDARD = "c++0x";
				CLANG_CXX_LIBRARY = "libc++";
				PRODUCT_NAME = "$(TARGET_NAME)";
			};
			name = Debug;
		};
		7E59292D145E2E9F00B8A6F0 /* Release */ = {
			isa = XCBuildConfiguration;
			buildSettings = {
				CLANG_CXX_LANGUAGE_STANDARD = "c++0x";
				CLANG_CXX_LIBRARY = "libc++";
				PRODUCT_NAME = "$(TARGET_NAME)";
			};
			name = Release;
		};
/* End XCBuildConfiguration section */

/* Begin XCConfigurationList section */
		7E59291B145E2E9E00B8A6F0 /* Build configuration list for PBXProject "DictionarySort" */ = {
			isa = XCConfigurationList;
			buildConfigurations = (
				7E592929145E2E9F00B8A6F0 /* Debug */,
				7E59292A145E2E9F00B8A6F0 /* Release */,
			);
			defaultConfigurationIsVisible = 0;
			defaultConfigurationName = Release;
		};
		7E59292B145E2E9F00B8A6F0 /* Build configuration list for PBXNativeTarget "DictionarySort" */ = {
			isa = XCConfigurationList;
			buildConfigurations = (
				7E59292C145E2E9F00B8A6F0 /* Debug */,
				7E59292D145E2E9F00B8A6F0 /* Release */,
			);
			defaultConfigurationIsVisible = 0;
			defaultConfigurationName = Release;
		};
/* End XCConfigurationList section */
	};
	rootObject = 7E592918145E2E9E00B8A6F0 /* Project object */;
}
